# This file is automatically @generated by Cargo.
# It is not intended for manual editing.
version = 3

[[package]]
name = "anyhow"
version = "1.0.67"
source = "registry+https://github.com/rust-lang/crates.io-index"
checksum = "7724808837b77f4b4de9d283820f9d98bcf496d5692934b857a2399d31ff22e6"

[[package]]
name = "more-asserts"
version = "0.2.2"
source = "registry+https://github.com/rust-lang/crates.io-index"
checksum = "7843ec2de400bcbc6a6328c958dc38e5359da6e93e72e37bc5246bf1ae776389"

[[package]]
name = "rltk"
version = "0.1.0"
dependencies = [
 "anyhow",
 "more-asserts",
 "unicode-segmentation",
]

[[package]]
name = "unicode-segmentation"
version = "1.9.0"
source = "registry+https://github.com/rust-lang/crates.io-index"
checksum = "7e8820f5d777f6224dc4be3632222971ac30164d4a258d595640799554ebfd99"
